
Microsoft Visual Studio Solution File, Format Version 12.00
# Blend for Visual Studio Version 16
VisualStudioVersion = 16.0.30225.117
MinimumVisualStudioVersion = 10.0.40219.1
Project("{FAE04EC0-301F-11D3-BF4B-00C04F79EFBC}") = "TP3.cs", "TP3.cs\TP3.cs.csproj", "{1CA61C48-D8FC-46C8-8F65-F040D2575444}"
EndProject
Project("{FAE04EC0-301F-11D3-BF4B-00C04F79EFBC}") = "TP1.cs", "TP1.cs\TP1.cs.csproj", "{7A16B21D-7848-432B-8AD5-3637353E84D6}"
EndProject
Project("{FAE04EC0-301F-11D3-BF4B-00C04F79EFBC}") = "TP2.cs", "TP2.cs\TP2.cs.csproj", "{823F20DE-204A-440F-BAE5-BD75724302DA}"
EndProject
Global
	GlobalSection(SolutionConfigurationPlatforms) = preSolution
		Debug|Any CPU = Debug|Any CPU
		Release|Any CPU = Release|Any CPU
	EndGlobalSection
	GlobalSection(ProjectConfigurationPlatforms) = postSolution
		{1CA61C48-D8FC-46C8-8F65-F040D2575444}.Debug|Any CPU.ActiveCfg = Debug|Any CPU
		{1CA61C48-D8FC-46C8-8F65-F040D2575444}.Debug|Any CPU.Build.0 = Debug|Any CPU
		{1CA61C48-D8FC-46C8-8F65-F040D2575444}.Release|Any CPU.ActiveCfg = Release|Any CPU
		{1CA61C48-D8FC-46C8-8F65-F040D2575444}.Release|Any CPU.Build.0 = Release|Any CPU
		{7A16B21D-7848-432B-8AD5-3637353E84D6}.Debug|Any CPU.ActiveCfg = Debug|Any CPU
		{7A16B21D-7848-432B-8AD5-3637353E84D6}.Debug|Any CPU.Build.0 = Debug|Any CPU
		{7A16B21D-7848-432B-8AD5-3637353E84D6}.Release|Any CPU.ActiveCfg = Release|Any CPU
		{7A16B21D-7848-432B-8AD5-3637353E84D6}.Release|Any CPU.Build.0 = Release|Any CPU
		{823F20DE-204A-440F-BAE5-BD75724302DA}.Debug|Any CPU.ActiveCfg = Debug|Any CPU
		{823F20DE-204A-440F-BAE5-BD75724302DA}.Debug|Any CPU.Build.0 = Debug|Any CPU
		{823F20DE-204A-440F-BAE5-BD75724302DA}.Release|Any CPU.ActiveCfg = Release|Any CPU
		{823F20DE-204A-440F-BAE5-BD75724302DA}.Release|Any CPU.Build.0 = Release|Any CPU
	EndGlobalSection
	GlobalSection(SolutionProperties) = preSolution
		HideSolutionNode = FALSE
	EndGlobalSection
	GlobalSection(ExtensibilityGlobals) = postSolution
		SolutionGuid = {10C84E94-FB9D-4CB1-9B22-F7B24453C76A}
	EndGlobalSection
EndGlobal
